// !$*UTF8*$!
{
	archiveVersion = 1;
	classes = {
	};
	objectVersion = 55;
	objects = {

/* Begin PBXBuildFile section */
		04A40AD02921E80400EC0E23 /* CustomTableViewCell.swift in Sources */ = {isa = PBXBuildFile; fileRef = 04A40ACE2921E80400EC0E23 /* CustomTableViewCell.swift */; };
		04A40AD12921E80400EC0E23 /* CustomTableViewCell.xib in Resources */ = {isa = PBXBuildFile; fileRef = 04A40ACF2921E80400EC0E23 /* CustomTableViewCell.xib */; };
		04A40AD32921F0F600EC0E23 /* DetailViewController.swift in Sources */ = {isa = PBXBuildFile; fileRef = 04A40AD22921F0F600EC0E23 /* DetailViewController.swift */; };
		04A40AD52921F2BC00EC0E23 /* RadioButton.swift in Sources */ = {isa = PBXBuildFile; fileRef = 04A40AD42921F2BC00EC0E23 /* RadioButton.swift */; };
		04A40AD929232A3500EC0E23 /* Utilities.swift in Sources */ = {isa = PBXBuildFile; fileRef = 04A40AD829232A3500EC0E23 /* Utilities.swift */; };
		CD0FC162291C6F620010026F /* AppDelegate.swift in Sources */ = {isa = PBXBuildFile; fileRef = CD0FC161291C6F620010026F /* AppDelegate.swift */; };
		CD0FC164291C6F620010026F /* SceneDelegate.swift in Sources */ = {isa = PBXBuildFile; fileRef = CD0FC163291C6F620010026F /* SceneDelegate.swift */; };
		CD0FC166291C6F620010026F /* ViewController.swift in Sources */ = {isa = PBXBuildFile; fileRef = CD0FC165291C6F620010026F /* ViewController.swift */; };
		CD0FC169291C6F620010026F /* Main.storyboard in Resources */ = {isa = PBXBuildFile; fileRef = CD0FC167291C6F620010026F /* Main.storyboard */; };
		CD0FC16B291C6F630010026F /* Assets.xcassets in Resources */ = {isa = PBXBuildFile; fileRef = CD0FC16A291C6F630010026F /* Assets.xcassets */; };
		CD0FC16E291C6F630010026F /* LaunchScreen.storyboard in Resources */ = {isa = PBXBuildFile; fileRef = CD0FC16C291C6F630010026F /* LaunchScreen.storyboard */; };
		CD0FC178291CCF6B0010026F /* Structs.swift in Sources */ = {isa = PBXBuildFile; fileRef = CD0FC177291CCF6B0010026F /* Structs.swift */; };
		CD0FC17E291D76FA0010026F /* DisplayView.swift in Sources */ = {isa = PBXBuildFile; fileRef = CD0FC17D291D76FA0010026F /* DisplayView.swift */; };
/* End PBXBuildFile section */

/* Begin PBXFileReference section */
		04A40ACE2921E80400EC0E23 /* CustomTableViewCell.swift */ = {isa = PBXFileReference; lastKnownFileType = sourcecode.swift; path = CustomTableViewCell.swift; sourceTree = "<group>"; };
		04A40ACF2921E80400EC0E23 /* CustomTableViewCell.xib */ = {isa = PBXFileReference; lastKnownFileType = file.xib; path = CustomTableViewCell.xib; sourceTree = "<group>"; };
		04A40AD22921F0F600EC0E23 /* DetailViewController.swift */ = {isa = PBXFileReference; lastKnownFileType = sourcecode.swift; path = DetailViewController.swift; sourceTree = "<group>"; };
		04A40AD42921F2BC00EC0E23 /* RadioButton.swift */ = {isa = PBXFileReference; lastKnownFileType = sourcecode.swift; path = RadioButton.swift; sourceTree = "<group>"; };
		04A40AD829232A3500EC0E23 /* Utilities.swift */ = {isa = PBXFileReference; lastKnownFileType = sourcecode.swift; path = Utilities.swift; sourceTree = "<group>"; };
		CD0FC15E291C6F620010026F /* ToDue.app */ = {isa = PBXFileReference; explicitFileType = wrapper.application; includeInIndex = 0; path = ToDue.app; sourceTree = BUILT_PRODUCTS_DIR; };
		CD0FC161291C6F620010026F /* AppDelegate.swift */ = {isa = PBXFileReference; lastKnownFileType = sourcecode.swift; path = AppDelegate.swift; sourceTree = "<group>"; };
		CD0FC163291C6F620010026F /* SceneDelegate.swift */ = {isa = PBXFileReference; lastKnownFileType = sourcecode.swift; path = SceneDelegate.swift; sourceTree = "<group>"; };
		CD0FC165291C6F620010026F /* ViewController.swift */ = {isa = PBXFileReference; lastKnownFileType = sourcecode.swift; path = ViewController.swift; sourceTree = "<group>"; };
		CD0FC168291C6F620010026F /* Base */ = {isa = PBXFileReference; lastKnownFileType = file.storyboard; name = Base; path = Base.lproj/Main.storyboard; sourceTree = "<group>"; };
		CD0FC16A291C6F630010026F /* Assets.xcassets */ = {isa = PBXFileReference; lastKnownFileType = folder.assetcatalog; path = Assets.xcassets; sourceTree = "<group>"; };
		CD0FC16D291C6F630010026F /* Base */ = {isa = PBXFileReference; lastKnownFileType = file.storyboard; name = Base; path = Base.lproj/LaunchScreen.storyboard; sourceTree = "<group>"; };
		CD0FC16F291C6F630010026F /* Info.plist */ = {isa = PBXFileReference; lastKnownFileType = text.plist.xml; path = Info.plist; sourceTree = "<group>"; };
		CD0FC177291CCF6B0010026F /* Structs.swift */ = {isa = PBXFileReference; fileEncoding = 4; lastKnownFileType = sourcecode.swift; path = Structs.swift; sourceTree = "<group>"; };
		CD0FC17D291D76FA0010026F /* DisplayView.swift */ = {isa = PBXFileReference; lastKnownFileType = sourcecode.swift; path = DisplayView.swift; sourceTree = "<group>"; };
/* End PBXFileReference section */

/* Begin PBXFrameworksBuildPhase section */
		CD0FC15B291C6F620010026F /* Frameworks */ = {
			isa = PBXFrameworksBuildPhase;
			buildActionMask = 2147483647;
			files = (
			);
			runOnlyForDeploymentPostprocessing = 0;
		};
/* End PBXFrameworksBuildPhase section */

/* Begin PBXGroup section */
		CD0FC155291C6F620010026F = {
			isa = PBXGroup;
			children = (
				CD0FC160291C6F620010026F /* ToDue */,
				CD0FC15F291C6F620010026F /* Products */,
			);
			sourceTree = "<group>";
		};
		CD0FC15F291C6F620010026F /* Products */ = {
			isa = PBXGroup;
			children = (
				CD0FC15E291C6F620010026F /* ToDue.app */,
			);
			name = Products;
			sourceTree = "<group>";
		};
		CD0FC160291C6F620010026F /* ToDue */ = {
			isa = PBXGroup;
			children = (
				CD0FC161291C6F620010026F /* AppDelegate.swift */,
				CD0FC163291C6F620010026F /* SceneDelegate.swift */,
				CD0FC165291C6F620010026F /* ViewController.swift */,
				04A40ACE2921E80400EC0E23 /* CustomTableViewCell.swift */,
				04A40ACF2921E80400EC0E23 /* CustomTableViewCell.xib */,
				04A40AD42921F2BC00EC0E23 /* RadioButton.swift */,
				CD0FC17D291D76FA0010026F /* DisplayView.swift */,
				04A40AD22921F0F600EC0E23 /* DetailViewController.swift */,
				04A40AD829232A3500EC0E23 /* Utilities.swift */,
				CD0FC177291CCF6B0010026F /* Structs.swift */,
				CD0FC167291C6F620010026F /* Main.storyboard */,
				CD0FC16C291C6F630010026F /* LaunchScreen.storyboard */,
				CD0FC16A291C6F630010026F /* Assets.xcassets */,
				CD0FC16F291C6F630010026F /* Info.plist */,
			);
			path = ToDue;
			sourceTree = "<group>";
		};
/* End PBXGroup section */

/* Begin PBXNativeTarget section */
		CD0FC15D291C6F620010026F /* ToDue */ = {
			isa = PBXNativeTarget;
			buildConfigurationList = CD0FC172291C6F630010026F /* Build configuration list for PBXNativeTarget "ToDue" */;
			buildPhases = (
				CD0FC15A291C6F620010026F /* Sources */,
				CD0FC15B291C6F620010026F /* Frameworks */,
				CD0FC15C291C6F620010026F /* Resources */,
			);
			buildRules = (
			);
			dependencies = (
			);
			name = ToDue;
			productName = ToDue;
			productReference = CD0FC15E291C6F620010026F /* ToDue.app */;
			productType = "com.apple.product-type.application";
		};
/* End PBXNativeTarget section */

/* Begin PBXProject section */
		CD0FC156291C6F620010026F /* Project object */ = {
			isa = PBXProject;
			attributes = {
				BuildIndependentTargetsInParallel = 1;
				LastSwiftUpdateCheck = 1340;
				LastUpgradeCheck = 1340;
				TargetAttributes = {
					CD0FC15D291C6F620010026F = {
						CreatedOnToolsVersion = 13.4.1;
					};
				};
			};
			buildConfigurationList = CD0FC159291C6F620010026F /* Build configuration list for PBXProject "ToDue" */;
			compatibilityVersion = "Xcode 13.0";
			developmentRegion = en;
			hasScannedForEncodings = 0;
			knownRegions = (
				en,
				Base,
			);
			mainGroup = CD0FC155291C6F620010026F;
			productRefGroup = CD0FC15F291C6F620010026F /* Products */;
			projectDirPath = "";
			projectRoot = "";
			targets = (
				CD0FC15D291C6F620010026F /* ToDue */,
			);
		};
/* End PBXProject section */

/* Begin PBXResourcesBuildPhase section */
		CD0FC15C291C6F620010026F /* Resources */ = {
			isa = PBXResourcesBuildPhase;
			buildActionMask = 2147483647;
			files = (
				CD0FC16E291C6F630010026F /* LaunchScreen.storyboard in Resources */,
				CD0FC16B291C6F630010026F /* Assets.xcassets in Resources */,
				04A40AD12921E80400EC0E23 /* CustomTableViewCell.xib in Resources */,
				CD0FC169291C6F620010026F /* Main.storyboard in Resources */,
			);
			runOnlyForDeploymentPostprocessing = 0;
		};
/* End PBXResourcesBuildPhase section */

/* Begin PBXSourcesBuildPhase section */
		CD0FC15A291C6F620010026F /* Sources */ = {
			isa = PBXSourcesBuildPhase;
			buildActionMask = 2147483647;
			files = (
				04A40AD02921E80400EC0E23 /* CustomTableViewCell.swift in Sources */,
				CD0FC17E291D76FA0010026F /* DisplayView.swift in Sources */,
				CD0FC166291C6F620010026F /* ViewController.swift in Sources */,
				CD0FC162291C6F620010026F /* AppDelegate.swift in Sources */,
				CD0FC178291CCF6B0010026F /* Structs.swift in Sources */,
				CD0FC164291C6F620010026F /* SceneDelegate.swift in Sources */,
				04A40AD929232A3500EC0E23 /* Utilities.swift in Sources */,
				04A40AD32921F0F600EC0E23 /* DetailViewController.swift in Sources */,
				04A40AD52921F2BC00EC0E23 /* RadioButton.swift in Sources */,
			);
			runOnlyForDeploymentPostprocessing = 0;
		};
/* End PBXSourcesBuildPhase section */

/* Begin PBXVariantGroup section */
		CD0FC167291C6F620010026F /* Main.storyboard */ = {
			isa = PBXVariantGroup;
			children = (
				CD0FC168291C6F620010026F /* Base */,
			);
			name = Main.storyboard;
			sourceTree = "<group>";
		};
		CD0FC16C291C6F630010026F /* LaunchScreen.storyboard */ = {
			isa = PBXVariantGroup;
			children = (
				CD0FC16D291C6F630010026F /* Base */,
			);
			name = LaunchScreen.storyboard;
			sourceTree = "<group>";
		};
/* End PBXVariantGroup section */

/* Begin XCBuildConfiguration section */
		CD0FC170291C6F630010026F /* Debug */ = {
			isa = XCBuildConfiguration;
			buildSettings = {
				ALWAYS_SEARCH_USER_PATHS = NO;
				CLANG_ANALYZER_NONNULL = YES;
				CLANG_ANALYZER_NUMBER_OBJECT_CONVERSION = YES_AGGRESSIVE;
				CLANG_CXX_LANGUAGE_STANDARD = "gnu++17";
				CLANG_ENABLE_MODULES = YES;
				CLANG_ENABLE_OBJC_ARC = YES;
				CLANG_ENABLE_OBJC_WEAK = YES;
				CLANG_WARN_BLOCK_CAPTURE_AUTORELEASING = YES;
				CLANG_WARN_BOOL_CONVERSION = YES;
				CLANG_WARN_COMMA = YES;
				CLANG_WARN_CONSTANT_CONVERSION = YES;
				CLANG_WARN_DEPRECATED_OBJC_IMPLEMENTATIONS = YES;
				CLANG_WARN_DIRECT_OBJC_ISA_USAGE = YES_ERROR;
				CLANG_WARN_DOCUMENTATION_COMMENTS = YES;
				CLANG_WARN_EMPTY_BODY = YES;
				CLANG_WARN_ENUM_CONVERSION = YES;
				CLANG_WARN_INFINITE_RECURSION = YES;
				CLANG_WARN_INT_CONVERSION = YES;
				CLANG_WARN_NON_LITERAL_NULL_CONVERSION = YES;
				CLANG_WARN_OBJC_IMPLICIT_RETAIN_SELF = YES;
				CLANG_WARN_OBJC_LITERAL_CONVERSION = YES;
				CLANG_WARN_OBJC_ROOT_CLASS = YES_ERROR;
				CLANG_WARN_QUOTED_INCLUDE_IN_FRAMEWORK_HEADER = YES;
				CLANG_WARN_RANGE_LOOP_ANALYSIS = YES;
				CLANG_WARN_STRICT_PROTOTYPES = YES;
				CLANG_WARN_SUSPICIOUS_MOVE = YES;
				CLANG_WARN_UNGUARDED_AVAILABILITY = YES_AGGRESSIVE;
				CLANG_WARN_UNREACHABLE_CODE = YES;
				CLANG_WARN__DUPLICATE_METHOD_MATCH = YES;
				COPY_PHASE_STRIP = NO;
				DEBUG_INFORMATION_FORMAT = dwarf;
				ENABLE_STRICT_OBJC_MSGSEND = YES;
				ENABLE_TESTABILITY = YES;
				GCC_C_LANGUAGE_STANDARD = gnu11;
				GCC_DYNAMIC_NO_PIC = NO;
				GCC_NO_COMMON_BLOCKS = YES;
				GCC_OPTIMIZATION_LEVEL = 0;
				GCC_PREPROCESSOR_DEFINITIONS = (
					"DEBUG=1",
					"$(inherited)",
				);
				GCC_WARN_64_TO_32_BIT_CONVERSION = YES;
				GCC_WARN_ABOUT_RETURN_TYPE = YES_ERROR;
				GCC_WARN_UNDECLARED_SELECTOR = YES;
				GCC_WARN_UNINITIALIZED_AUTOS = YES_AGGRESSIVE;
				GCC_WARN_UNUSED_FUNCTION = YES;
				GCC_WARN_UNUSED_VARIABLE = YES;
				IPHONEOS_DEPLOYMENT_TARGET = 15.5;
				MTL_ENABLE_DEBUG_INFO = INCLUDE_SOURCE;
				MTL_FAST_MATH = YES;
				ONLY_ACTIVE_ARCH = YES;
				SDKROOT = iphoneos;
				SWIFT_ACTIVE_COMPILATION_CONDITIONS = DEBUG;
				SWIFT_OPTIMIZATION_LEVEL = "-Onone";
			};
			name = Debug;
		};
		CD0FC171291C6F630010026F /* Release */ = {
			isa = XCBuildConfiguration;
			buildSettings = {
				ALWAYS_SEARCH_USER_PATHS = NO;
				CLANG_ANALYZER_NONNULL = YES;
				CLANG_ANALYZER_NUMBER_OBJECT_CONVERSION = YES_AGGRESSIVE;
				CLANG_CXX_LANGUAGE_STANDARD = "gnu++17";
				CLANG_ENABLE_MODULES = YES;
				CLANG_ENABLE_OBJC_ARC = YES;
				CLANG_ENABLE_OBJC_WEAK = YES;
				CLANG_WARN_BLOCK_CAPTURE_AUTORELEASING = YES;
				CLANG_WARN_BOOL_CONVERSION = YES;
				CLANG_WARN_COMMA = YES;
				CLANG_WARN_CONSTANT_CONVERSION = YES;
				CLANG_WARN_DEPRECATED_OBJC_IMPLEMENTATIONS = YES;
				CLANG_WARN_DIRECT_OBJC_ISA_USAGE = YES_ERROR;
				CLANG_WARN_DOCUMENTATION_COMMENTS = YES;
				CLANG_WARN_EMPTY_BODY = YES;
				CLANG_WARN_ENUM_CONVERSION = YES;
				CLANG_WARN_INFINITE_RECURSION = YES;
				CLANG_WARN_INT_CONVERSION = YES;
				CLANG_WARN_NON_LITERAL_NULL_CONVERSION = YES;
				CLANG_WARN_OBJC_IMPLICIT_RETAIN_SELF = YES;
				CLANG_WARN_OBJC_LITERAL_CONVERSION = YES;
				CLANG_WARN_OBJC_ROOT_CLASS = YES_ERROR;
				CLANG_WARN_QUOTED_INCLUDE_IN_FRAMEWORK_HEADER = YES;
				CLANG_WARN_RANGE_LOOP_ANALYSIS = YES;
				CLANG_WARN_STRICT_PROTOTYPES = YES;
				CLANG_WARN_SUSPICIOUS_MOVE = YES;
				CLANG_WARN_UNGUARDED_AVAILABILITY = YES_AGGRESSIVE;
				CLANG_WARN_UNREACHABLE_CODE = YES;
				CLANG_WARN__DUPLICATE_METHOD_MATCH = YES;
				COPY_PHASE_STRIP = NO;
				DEBUG_INFORMATION_FORMAT = "dwarf-with-dsym";
				ENABLE_NS_ASSERTIONS = NO;
				ENABLE_STRICT_OBJC_MSGSEND = YES;
				GCC_C_LANGUAGE_STANDARD = gnu11;
				GCC_NO_COMMON_BLOCKS = YES;
				GCC_WARN_64_TO_32_BIT_CONVERSION = YES;
				GCC_WARN_ABOUT_RETURN_TYPE = YES_ERROR;
				GCC_WARN_UNDECLARED_SELECTOR = YES;
				GCC_WARN_UNINITIALIZED_AUTOS = YES_AGGRESSIVE;
				GCC_WARN_UNUSED_FUNCTION = YES;
				GCC_WARN_UNUSED_VARIABLE = YES;
				IPHONEOS_DEPLOYMENT_TARGET = 15.5;
				MTL_ENABLE_DEBUG_INFO = NO;
				MTL_FAST_MATH = YES;
				SDKROOT = iphoneos;
				SWIFT_COMPILATION_MODE = wholemodule;
				SWIFT_OPTIMIZATION_LEVEL = "-O";
				VALIDATE_PRODUCT = YES;
			};
			name = Release;
		};
		CD0FC173291C6F630010026F /* Debug */ = {
			isa = XCBuildConfiguration;
			buildSettings = {
				ASSETCATALOG_COMPILER_APPICON_NAME = AppIcon;
				ASSETCATALOG_COMPILER_GLOBAL_ACCENT_COLOR_NAME = AccentColor;
				CODE_SIGN_STYLE = Automatic;
				CURRENT_PROJECT_VERSION = 1;
				DEVELOPMENT_TEAM = T553RD8Q2V;
				GENERATE_INFOPLIST_FILE = YES;
				INFOPLIST_FILE = ToDue/Info.plist;
				INFOPLIST_KEY_UIApplicationSupportsIndirectInputEvents = YES;
				INFOPLIST_KEY_UILaunchStoryboardName = LaunchScreen;
				INFOPLIST_KEY_UIMainStoryboardFile = Main;
				INFOPLIST_KEY_UISupportedInterfaceOrientations_iPad = "UIInterfaceOrientationPortrait UIInterfaceOrientationPortraitUpsideDown UIInterfaceOrientationLandscapeLeft UIInterfaceOrientationLandscapeRight";
				INFOPLIST_KEY_UISupportedInterfaceOrientations_iPhone = "UIInterfaceOrientationPortrait UIInterfaceOrientationLandscapeLeft UIInterfaceOrientationLandscapeRight";
				LD_RUNPATH_SEARCH_PATHS = (
					"$(inherited)",
					"@executable_path/Frameworks",
				);
				MARKETING_VERSION = 1.0;
				PRODUCT_BUNDLE_IDENTIFIER = yiding.ToDue;
				PRODUCT_NAME = "$(TARGET_NAME)";
				SWIFT_EMIT_LOC_STRINGS = YES;
				SWIFT_VERSION = 5.0;
				TARGETED_DEVICE_FAMILY = "1,2";
			};
			name = Debug;
		};
		CD0FC174291C6F630010026F /* Release */ = {
			isa = XCBuildConfiguration;
			buildSettings = {
				ASSETCATALOG_COMPILER_APPICON_NAME = AppIcon;
				ASSETCATALOG_COMPILER_GLOBAL_ACCENT_COLOR_NAME = AccentColor;
				CODE_SIGN_STYLE = Automatic;
				CURRENT_PROJECT_VERSION = 1;
				DEVELOPMENT_TEAM = T553RD8Q2V;
				GENERATE_INFOPLIST_FILE = YES;
				INFOPLIST_FILE = ToDue/Info.plist;
				INFOPLIST_KEY_UIApplicationSupportsIndirectInputEvents = YES;
				INFOPLIST_KEY_UILaunchStoryboardName = LaunchScreen;
				INFOPLIST_KEY_UIMainStoryboardFile = Main;
				INFOPLIST_KEY_UISupportedInterfaceOrientations_iPad = "UIInterfaceOrientationPortrait UIInterfaceOrientationPortraitUpsideDown UIInterfaceOrientationLandscapeLeft UIInterfaceOrientationLandscapeRight";
				INFOPLIST_KEY_UISupportedInterfaceOrientations_iPhone = "UIInterfaceOrientationPortrait UIInterfaceOrientationLandscapeLeft UIInterfaceOrientationLandscapeRight";
				LD_RUNPATH_SEARCH_PATHS = (
					"$(inherited)",
					"@executable_path/Frameworks",
				);
				MARKETING_VERSION = 1.0;
				PRODUCT_BUNDLE_IDENTIFIER = yiding.ToDue;
				PRODUCT_NAME = "$(TARGET_NAME)";
				SWIFT_EMIT_LOC_STRINGS = YES;
				SWIFT_VERSION = 5.0;
				TARGETED_DEVICE_FAMILY = "1,2";
			};
			name = Release;
		};
/* End XCBuildConfiguration section */

/* Begin XCConfigurationList section */
		CD0FC159291C6F620010026F /* Build configuration list for PBXProject "ToDue" */ = {
			isa = XCConfigurationList;
			buildConfigurations = (
				CD0FC170291C6F630010026F /* Debug */,
				CD0FC171291C6F630010026F /* Release */,
			);
			defaultConfigurationIsVisible = 0;
			defaultConfigurationName = Release;
		};
		CD0FC172291C6F630010026F /* Build configuration list for PBXNativeTarget "ToDue" */ = {
			isa = XCConfigurationList;
			buildConfigurations = (
				CD0FC173291C6F630010026F /* Debug */,
				CD0FC174291C6F630010026F /* Release */,
			);
			defaultConfigurationIsVisible = 0;
			defaultConfigurationName = Release;
		};
/* End XCConfigurationList section */
	};
	rootObject = CD0FC156291C6F620010026F /* Project object */;
}
